
Microsoft Visual Studio Solution File, Format Version 12.00
# Visual Studio Version 16
VisualStudioVersion = 16.0.32802.440
MinimumVisualStudioVersion = 10.0.40219.1
Project("{FAE04EC0-301F-11D3-BF4B-00C04F79EFBC}") = "Practica4_Marieel", "Practica4_Marieel\Practica4_Marieel.csproj", "{EF2EA427-908E-4232-A638-3AB36D04F9F7}"
EndProject
Global
	GlobalSection(SolutionConfigurationPlatforms) = preSolution
		Debug|Any CPU = Debug|Any CPU
		Release|Any CPU = Release|Any CPU
	EndGlobalSection
	GlobalSection(ProjectConfigurationPlatforms) = postSolution
		{EF2EA427-908E-4232-A638-3AB36D04F9F7}.Debug|Any CPU.ActiveCfg = Debug|Any CPU
		{EF2EA427-908E-4232-A638-3AB36D04F9F7}.Debug|Any CPU.Build.0 = Debug|Any CPU
		{EF2EA427-908E-4232-A638-3AB36D04F9F7}.Release|Any CPU.ActiveCfg = Release|Any CPU
		{EF2EA427-908E-4232-A638-3AB36D04F9F7}.Release|Any CPU.Build.0 = Release|Any CPU
	EndGlobalSection
	GlobalSection(SolutionProperties) = preSolution
		HideSolutionNode = FALSE
	EndGlobalSection
	GlobalSection(ExtensibilityGlobals) = postSolution
		SolutionGuid = {C5BD9824-BE06-4615-897A-40393930B0FA}
	EndGlobalSection
EndGlobal
