
Microsoft Visual Studio Solution File, Format Version 12.00
# Visual Studio Version 16
VisualStudioVersion = 16.0.32802.440
MinimumVisualStudioVersion = 10.0.40219.1
Project("{9A19103F-16F7-4668-BE54-9A1E7A4F7556}") = "Practica_Guiada_01", "Practica_Guiada_01\Practica_Guiada_01.csproj", "{3AF860B3-6603-42CD-9CB1-9B482E17366C}"
EndProject
Project("{FAE04EC0-301F-11D3-BF4B-00C04F79EFBC}") = "LogicaNegocio", "LogicaNegocio\LogicaNegocio.csproj", "{BFE48061-4408-43CB-8114-B80C98F3D323}"
EndProject
Global
	GlobalSection(SolutionConfigurationPlatforms) = preSolution
		Debug|Any CPU = Debug|Any CPU
		Release|Any CPU = Release|Any CPU
	EndGlobalSection
	GlobalSection(ProjectConfigurationPlatforms) = postSolution
		{3AF860B3-6603-42CD-9CB1-9B482E17366C}.Debug|Any CPU.ActiveCfg = Debug|Any CPU
		{3AF860B3-6603-42CD-9CB1-9B482E17366C}.Debug|Any CPU.Build.0 = Debug|Any CPU
		{3AF860B3-6603-42CD-9CB1-9B482E17366C}.Release|Any CPU.ActiveCfg = Release|Any CPU
		{3AF860B3-6603-42CD-9CB1-9B482E17366C}.Release|Any CPU.Build.0 = Release|Any CPU
		{BFE48061-4408-43CB-8114-B80C98F3D323}.Debug|Any CPU.ActiveCfg = Debug|Any CPU
		{BFE48061-4408-43CB-8114-B80C98F3D323}.Debug|Any CPU.Build.0 = Debug|Any CPU
		{BFE48061-4408-43CB-8114-B80C98F3D323}.Release|Any CPU.ActiveCfg = Release|Any CPU
		{BFE48061-4408-43CB-8114-B80C98F3D323}.Release|Any CPU.Build.0 = Release|Any CPU
	EndGlobalSection
	GlobalSection(SolutionProperties) = preSolution
		HideSolutionNode = FALSE
	EndGlobalSection
	GlobalSection(ExtensibilityGlobals) = postSolution
		SolutionGuid = {AA5FFC1E-92F9-43AF-ABE6-ECD734A19D7D}
	EndGlobalSection
EndGlobal
