
Microsoft Visual Studio Solution File, Format Version 12.00
# Visual Studio Version 16
VisualStudioVersion = 16.0.32802.440
MinimumVisualStudioVersion = 10.0.40219.1
Project("{FAE04EC0-301F-11D3-BF4B-00C04F79EFBC}") = "Capas1_Leccion17", "Capas1_Leccion17\Capas1_Leccion17.csproj", "{5BF17C8A-5967-4C38-B13C-BCB4F39C4412}"
EndProject
Global
	GlobalSection(SolutionConfigurationPlatforms) = preSolution
		Debug|Any CPU = Debug|Any CPU
		Release|Any CPU = Release|Any CPU
	EndGlobalSection
	GlobalSection(ProjectConfigurationPlatforms) = postSolution
		{5BF17C8A-5967-4C38-B13C-BCB4F39C4412}.Debug|Any CPU.ActiveCfg = Debug|Any CPU
		{5BF17C8A-5967-4C38-B13C-BCB4F39C4412}.Debug|Any CPU.Build.0 = Debug|Any CPU
		{5BF17C8A-5967-4C38-B13C-BCB4F39C4412}.Release|Any CPU.ActiveCfg = Release|Any CPU
		{5BF17C8A-5967-4C38-B13C-BCB4F39C4412}.Release|Any CPU.Build.0 = Release|Any CPU
	EndGlobalSection
	GlobalSection(SolutionProperties) = preSolution
		HideSolutionNode = FALSE
	EndGlobalSection
	GlobalSection(ExtensibilityGlobals) = postSolution
		SolutionGuid = {0CEBDE1B-78FC-444F-B1C4-3DA66FD97EB0}
	EndGlobalSection
EndGlobal
